
Microsoft Visual Studio Solution File, Format Version 12.00
# Visual Studio Version 16
VisualStudioVersion = 16.0.29519.87
MinimumVisualStudioVersion = 10.0.40219.1
Project("{FAE04EC0-301F-11D3-BF4B-00C04F79EFBC}") = "RTT3", "RTT3\RTT3.csproj", "{386C8C6E-4E2F-4E8A-9AFA-890678EDF8F4}"
EndProject
Global
	GlobalSection(SolutionConfigurationPlatforms) = preSolution
		Debug|Any CPU = Debug|Any CPU
		Release|Any CPU = Release|Any CPU
	EndGlobalSection
	GlobalSection(ProjectConfigurationPlatforms) = postSolution
		{386C8C6E-4E2F-4E8A-9AFA-890678EDF8F4}.Debug|Any CPU.ActiveCfg = Debug|Any CPU
		{386C8C6E-4E2F-4E8A-9AFA-890678EDF8F4}.Debug|Any CPU.Build.0 = Debug|Any CPU
		{386C8C6E-4E2F-4E8A-9AFA-890678EDF8F4}.Release|Any CPU.ActiveCfg = Release|Any CPU
		{386C8C6E-4E2F-4E8A-9AFA-890678EDF8F4}.Release|Any CPU.Build.0 = Release|Any CPU
	EndGlobalSection
	GlobalSection(SolutionProperties) = preSolution
		HideSolutionNode = FALSE
	EndGlobalSection
	GlobalSection(ExtensibilityGlobals) = postSolution
		SolutionGuid = {00368B21-C4F8-4002-8162-E5FA0CF01196}
	EndGlobalSection
EndGlobal
